
Microsoft Visual Studio Solution File, Format Version 12.00
# Visual Studio Version 16
VisualStudioVersion = 16.0.29306.81
MinimumVisualStudioVersion = 10.0.40219.1
Project("{FAE04EC0-301F-11D3-BF4B-00C04F79EFBC}") = "GerenciadorDeAniversarios.CLI", "GerenciadorDeAniversarios.CLI\GerenciadorDeAniversarios.CLI.csproj", "{81E18E7D-ED2B-4A9C-8842-E353AF25E255}"
EndProject
Global
	GlobalSection(SolutionConfigurationPlatforms) = preSolution
		Debug|Any CPU = Debug|Any CPU
		Release|Any CPU = Release|Any CPU
	EndGlobalSection
	GlobalSection(ProjectConfigurationPlatforms) = postSolution
		{81E18E7D-ED2B-4A9C-8842-E353AF25E255}.Debug|Any CPU.ActiveCfg = Debug|Any CPU
		{81E18E7D-ED2B-4A9C-8842-E353AF25E255}.Debug|Any CPU.Build.0 = Debug|Any CPU
		{81E18E7D-ED2B-4A9C-8842-E353AF25E255}.Release|Any CPU.ActiveCfg = Release|Any CPU
		{81E18E7D-ED2B-4A9C-8842-E353AF25E255}.Release|Any CPU.Build.0 = Release|Any CPU
	EndGlobalSection
	GlobalSection(SolutionProperties) = preSolution
		HideSolutionNode = FALSE
	EndGlobalSection
	GlobalSection(ExtensibilityGlobals) = postSolution
		SolutionGuid = {6AC9A687-4799-4B8C-8775-7BA96E0328F1}
	EndGlobalSection
EndGlobal
